
Microsoft Visual Studio Solution File, Format Version 12.00
# Visual Studio Version 17
VisualStudioVersion = 17.13.35825.156 d17.13
MinimumVisualStudioVersion = 10.0.40219.1
Project("{FAE04EC0-301F-11D3-BF4B-00C04F79EFBC}") = "AptekaEULibrary", "AptekaEULibrary\AptekaEULibrary.csproj", "{82D7D5F3-D3BA-4292-B37B-3D7CEB9FCD16}"
EndProject
Global
	GlobalSection(SolutionConfigurationPlatforms) = preSolution
		Debug|Any CPU = Debug|Any CPU
		Release|Any CPU = Release|Any CPU
	EndGlobalSection
	GlobalSection(ProjectConfigurationPlatforms) = postSolution
		{82D7D5F3-D3BA-4292-B37B-3D7CEB9FCD16}.Debug|Any CPU.ActiveCfg = Debug|Any CPU
		{82D7D5F3-D3BA-4292-B37B-3D7CEB9FCD16}.Debug|Any CPU.Build.0 = Debug|Any CPU
		{82D7D5F3-D3BA-4292-B37B-3D7CEB9FCD16}.Release|Any CPU.ActiveCfg = Release|Any CPU
		{82D7D5F3-D3BA-4292-B37B-3D7CEB9FCD16}.Release|Any CPU.Build.0 = Release|Any CPU
	EndGlobalSection
	GlobalSection(SolutionProperties) = preSolution
		HideSolutionNode = FALSE
	EndGlobalSection
	GlobalSection(ExtensibilityGlobals) = postSolution
		SolutionGuid = {9CE367EA-7CFD-4363-B605-D825069D5028}
	EndGlobalSection
EndGlobal
